
Microsoft Visual Studio Solution File, Format Version 12.00
# Visual Studio Version 17
VisualStudioVersion = 17.5.002.0
MinimumVisualStudioVersion = 10.0.40219.1
Project("{9A19103F-16F7-4668-BE54-9A1E7A4F7556}") = "WorkAround", "WorkAround\WorkAround.csproj", "{DE55370F-452B-4D08-990E-369DC27AD6AB}"
EndProject
Project("{FAE04EC0-301F-11D3-BF4B-00C04F79EFBC}") = "Entities", "Entities\Entities.csproj", "{1FBE25DC-E28A-4D01-AA75-453292F0647B}"
EndProject
Project("{FAE04EC0-301F-11D3-BF4B-00C04F79EFBC}") = "Business", "Business\Business.csproj", "{579A95C2-7D7C-403A-A245-9E2E2B1EFF21}"
EndProject
Global
	GlobalSection(SolutionConfigurationPlatforms) = preSolution
		Debug|Any CPU = Debug|Any CPU
		Release|Any CPU = Release|Any CPU
	EndGlobalSection
	GlobalSection(ProjectConfigurationPlatforms) = postSolution
		{DE55370F-452B-4D08-990E-369DC27AD6AB}.Debug|Any CPU.ActiveCfg = Debug|Any CPU
		{DE55370F-452B-4D08-990E-369DC27AD6AB}.Debug|Any CPU.Build.0 = Debug|Any CPU
		{DE55370F-452B-4D08-990E-369DC27AD6AB}.Release|Any CPU.ActiveCfg = Release|Any CPU
		{DE55370F-452B-4D08-990E-369DC27AD6AB}.Release|Any CPU.Build.0 = Release|Any CPU
		{1FBE25DC-E28A-4D01-AA75-453292F0647B}.Debug|Any CPU.ActiveCfg = Debug|Any CPU
		{1FBE25DC-E28A-4D01-AA75-453292F0647B}.Debug|Any CPU.Build.0 = Debug|Any CPU
		{1FBE25DC-E28A-4D01-AA75-453292F0647B}.Release|Any CPU.ActiveCfg = Release|Any CPU
		{1FBE25DC-E28A-4D01-AA75-453292F0647B}.Release|Any CPU.Build.0 = Release|Any CPU
		{579A95C2-7D7C-403A-A245-9E2E2B1EFF21}.Debug|Any CPU.ActiveCfg = Debug|Any CPU
		{579A95C2-7D7C-403A-A245-9E2E2B1EFF21}.Debug|Any CPU.Build.0 = Debug|Any CPU
		{579A95C2-7D7C-403A-A245-9E2E2B1EFF21}.Release|Any CPU.ActiveCfg = Release|Any CPU
		{579A95C2-7D7C-403A-A245-9E2E2B1EFF21}.Release|Any CPU.Build.0 = Release|Any CPU
	EndGlobalSection
	GlobalSection(SolutionProperties) = preSolution
		HideSolutionNode = FALSE
	EndGlobalSection
	GlobalSection(ExtensibilityGlobals) = postSolution
		SolutionGuid = {94BABCB0-23E3-4D46-988D-573B87D89B78}
	EndGlobalSection
EndGlobal
